// !$*UTF8*$!
{
	archiveVersion = 1;
	classes = {
	};
	objectVersion = 46;
	objects = {

/* Begin PBXBuildFile section */
		E6CEFA3014181CDE00EFEBF0 /* Foundation.framework in Frameworks */ = {isa = PBXBuildFile; fileRef = E6CEFA2F14181CDE00EFEBF0 /* Foundation.framework */; };
		E6CEFA3214181CDE00EFEBF0 /* UIKit.framework in Frameworks */ = {isa = PBXBuildFile; fileRef = E6CEFA3114181CDE00EFEBF0 /* UIKit.framework */; };
		E6CEFA3414181CDE00EFEBF0 /* CoreGraphics.framework in Frameworks */ = {isa = PBXBuildFile; fileRef = E6CEFA3314181CDE00EFEBF0 /* CoreGraphics.framework */; };
		E6CEFA3614181CDE00EFEBF0 /* AddressBook.framework in Frameworks */ = {isa = PBXBuildFile; fileRef = E6CEFA3514181CDE00EFEBF0 /* AddressBook.framework */; };
		E6CEFA3814181CDE00EFEBF0 /* AddressBookUI.framework in Frameworks */ = {isa = PBXBuildFile; fileRef = E6CEFA3714181CDE00EFEBF0 /* AddressBookUI.framework */; };
		E6CEFA3A14181CDE00EFEBF0 /* AudioToolbox.framework in Frameworks */ = {isa = PBXBuildFile; fileRef = E6CEFA3914181CDE00EFEBF0 /* AudioToolbox.framework */; };
		E6CEFA3C14181CDE00EFEBF0 /* AVFoundation.framework in Frameworks */ = {isa = PBXBuildFile; fileRef = E6CEFA3B14181CDE00EFEBF0 /* AVFoundation.framework */; };
		E6CEFA3E14181CDE00EFEBF0 /* CoreLocation.framework in Frameworks */ = {isa = PBXBuildFile; fileRef = E6CEFA3D14181CDE00EFEBF0 /* CoreLocation.framework */; };
		E6CEFA4014181CDE00EFEBF0 /* MediaPlayer.framework in Frameworks */ = {isa = PBXBuildFile; fileRef = E6CEFA3F14181CDE00EFEBF0 /* MediaPlayer.framework */; };
		E6CEFA4214181CDE00EFEBF0 /* QuartzCore.framework in Frameworks */ = {isa = PBXBuildFile; fileRef = E6CEFA4114181CDE00EFEBF0 /* QuartzCore.framework */; };
		E6CEFA4414181CDE00EFEBF0 /* SystemConfiguration.framework in Frameworks */ = {isa = PBXBuildFile; fileRef = E6CEFA4314181CDE00EFEBF0 /* SystemConfiguration.framework */; };
		E6CEFA4614181CDE00EFEBF0 /* MobileCoreServices.framework in Frameworks */ = {isa = PBXBuildFile; fileRef = E6CEFA4514181CDE00EFEBF0 /* MobileCoreServices.framework */; };
		E6CEFA4814181CDE00EFEBF0 /* CoreMedia.framework in Frameworks */ = {isa = PBXBuildFile; fileRef = E6CEFA4714181CDE00EFEBF0 /* CoreMedia.framework */; };
		E6CEFA4E14181CDE00EFEBF0 /* InfoPlist.strings in Resources */ = {isa = PBXBuildFile; fileRef = E6CEFA4C14181CDE00EFEBF0 /* InfoPlist.strings */; };
		E6CEFA5014181CDE00EFEBF0 /* main.m in Sources */ = {isa = PBXBuildFile; fileRef = E6CEFA4F14181CDE00EFEBF0 /* main.m */; };
		E6CEFA5314181CDE00EFEBF0 /* PhoneGap.framework in Frameworks */ = {isa = PBXBuildFile; fileRef = E6CEFA5214181CDE00EFEBF0 /* PhoneGap.framework */; };
		E6CEFA5814181CDE00EFEBF0 /* Localizable.strings in Resources */ = {isa = PBXBuildFile; fileRef = E6CEFA5614181CDE00EFEBF0 /* Localizable.strings */; };
		E6CEFA5C14181CDE00EFEBF0 /* Localizable.strings in Resources */ = {isa = PBXBuildFile; fileRef = E6CEFA5A14181CDE00EFEBF0 /* Localizable.strings */; };
		E6CEFA5F14181CDF00EFEBF0 /* icon.png in Resources */ = {isa = PBXBuildFile; fileRef = E6CEFA5E14181CDE00EFEBF0 /* icon.png */; };
		E6CEFA6114181CDF00EFEBF0 /* icon@2x.png in Resources */ = {isa = PBXBuildFile; fileRef = E6CEFA6014181CDF00EFEBF0 /* icon@2x.png */; };
		E6CEFA6314181CDF00EFEBF0 /* icon-72.png in Resources */ = {isa = PBXBuildFile; fileRef = E6CEFA6214181CDF00EFEBF0 /* icon-72.png */; };
		E6CEFA6614181CDF00EFEBF0 /* Default.png in Resources */ = {isa = PBXBuildFile; fileRef = E6CEFA6514181CDF00EFEBF0 /* Default.png */; };
		E6CEFA6814181CDF00EFEBF0 /* Default@2x.png in Resources */ = {isa = PBXBuildFile; fileRef = E6CEFA6714181CDF00EFEBF0 /* Default@2x.png */; };
		E6CEFA6A14181CDF00EFEBF0 /* Capture.bundle in Resources */ = {isa = PBXBuildFile; fileRef = E6CEFA6914181CDF00EFEBF0 /* Capture.bundle */; };
		E6CEFA6C14181CDF00EFEBF0 /* PhoneGap.plist in Resources */ = {isa = PBXBuildFile; fileRef = E6CEFA6B14181CDF00EFEBF0 /* PhoneGap.plist */; };
		E6CEFA7014181CDF00EFEBF0 /* AppDelegate.m in Sources */ = {isa = PBXBuildFile; fileRef = E6CEFA6F14181CDF00EFEBF0 /* AppDelegate.m */; };
		E6CEFA7914181FA600EFEBF0 /* www in Resources */ = {isa = PBXBuildFile; fileRef = E6CEFA7814181FA600EFEBF0 /* www */; };
		E6CEFA7F14182B5E00EFEBF0 /* Default-Portrait~ipad.png in Resources */ = {isa = PBXBuildFile; fileRef = E6CEFA7E14182B5E00EFEBF0 /* Default-Portrait~ipad.png */; };
		E6CEFA8114182B8200EFEBF0 /* Default-Landscape~ipad.png in Resources */ = {isa = PBXBuildFile; fileRef = E6CEFA8014182B8200EFEBF0 /* Default-Landscape~ipad.png */; };
		E6CEFA83141840BB00EFEBF0 /* Default.png in Resources */ = {isa = PBXBuildFile; fileRef = E6CEFA82141840BB00EFEBF0 /* Default.png */; };
		E6CEFA851418410700EFEBF0 /* Default@2x.png in Resources */ = {isa = PBXBuildFile; fileRef = E6CEFA841418410700EFEBF0 /* Default@2x.png */; };
		E6CEFA871418437300EFEBF0 /* icon@2x.png in Resources */ = {isa = PBXBuildFile; fileRef = E6CEFA861418437300EFEBF0 /* icon@2x.png */; };
		E6CEFA891418438500EFEBF0 /* icon.png in Resources */ = {isa = PBXBuildFile; fileRef = E6CEFA881418438500EFEBF0 /* icon.png */; };
		E6CEFA8B1418439200EFEBF0 /* icon-72.png in Resources */ = {isa = PBXBuildFile; fileRef = E6CEFA8A1418439200EFEBF0 /* icon-72.png */; };
/* End PBXBuildFile section */

/* Begin PBXFileReference section */
		E6CEFA2B14181CDE00EFEBF0 /* coolbeans.app */ = {isa = PBXFileReference; explicitFileType = wrapper.application; includeInIndex = 0; path = coolbeans.app; sourceTree = BUILT_PRODUCTS_DIR; };
		E6CEFA2F14181CDE00EFEBF0 /* Foundation.framework */ = {isa = PBXFileReference; lastKnownFileType = wrapper.framework; name = Foundation.framework; path = System/Library/Frameworks/Foundation.framework; sourceTree = SDKROOT; };
		E6CEFA3114181CDE00EFEBF0 /* UIKit.framework */ = {isa = PBXFileReference; lastKnownFileType = wrapper.framework; name = UIKit.framework; path = System/Library/Frameworks/UIKit.framework; sourceTree = SDKROOT; };
		E6CEFA3314181CDE00EFEBF0 /* CoreGraphics.framework */ = {isa = PBXFileReference; lastKnownFileType = wrapper.framework; name = CoreGraphics.framework; path = System/Library/Frameworks/CoreGraphics.framework; sourceTree = SDKROOT; };
		E6CEFA3514181CDE00EFEBF0 /* AddressBook.framework */ = {isa = PBXFileReference; lastKnownFileType = wrapper.framework; name = AddressBook.framework; path = System/Library/Frameworks/AddressBook.framework; sourceTree = SDKROOT; };
		E6CEFA3714181CDE00EFEBF0 /* AddressBookUI.framework */ = {isa = PBXFileReference; lastKnownFileType = wrapper.framework; name = AddressBookUI.framework; path = System/Library/Frameworks/AddressBookUI.framework; sourceTree = SDKROOT; };
		E6CEFA3914181CDE00EFEBF0 /* AudioToolbox.framework */ = {isa = PBXFileReference; lastKnownFileType = wrapper.framework; name = AudioToolbox.framework; path = System/Library/Frameworks/AudioToolbox.framework; sourceTree = SDKROOT; };
		E6CEFA3B14181CDE00EFEBF0 /* AVFoundation.framework */ = {isa = PBXFileReference; lastKnownFileType = wrapper.framework; name = AVFoundation.framework; path = System/Library/Frameworks/AVFoundation.framework; sourceTree = SDKROOT; };
		E6CEFA3D14181CDE00EFEBF0 /* CoreLocation.framework */ = {isa = PBXFileReference; lastKnownFileType = wrapper.framework; name = CoreLocation.framework; path = System/Library/Frameworks/CoreLocation.framework; sourceTree = SDKROOT; };
		E6CEFA3F14181CDE00EFEBF0 /* MediaPlayer.framework */ = {isa = PBXFileReference; lastKnownFileType = wrapper.framework; name = MediaPlayer.framework; path = System/Library/Frameworks/MediaPlayer.framework; sourceTree = SDKROOT; };
		E6CEFA4114181CDE00EFEBF0 /* QuartzCore.framework */ = {isa = PBXFileReference; lastKnownFileType = wrapper.framework; name = QuartzCore.framework; path = System/Library/Frameworks/QuartzCore.framework; sourceTree = SDKROOT; };
		E6CEFA4314181CDE00EFEBF0 /* SystemConfiguration.framework */ = {isa = PBXFileReference; lastKnownFileType = wrapper.framework; name = SystemConfiguration.framework; path = System/Library/Frameworks/SystemConfiguration.framework; sourceTree = SDKROOT; };
		E6CEFA4514181CDE00EFEBF0 /* MobileCoreServices.framework */ = {isa = PBXFileReference; lastKnownFileType = wrapper.framework; name = MobileCoreServices.framework; path = System/Library/Frameworks/MobileCoreServices.framework; sourceTree = SDKROOT; };
		E6CEFA4714181CDE00EFEBF0 /* CoreMedia.framework */ = {isa = PBXFileReference; lastKnownFileType = wrapper.framework; name = CoreMedia.framework; path = System/Library/Frameworks/CoreMedia.framework; sourceTree = SDKROOT; };
		E6CEFA4B14181CDE00EFEBF0 /* coolbeans-Info.plist */ = {isa = PBXFileReference; lastKnownFileType = text.plist.xml; path = "coolbeans-Info.plist"; sourceTree = "<group>"; };
		E6CEFA4D14181CDE00EFEBF0 /* en */ = {isa = PBXFileReference; lastKnownFileType = text.plist.strings; name = en; path = en.lproj/InfoPlist.strings; sourceTree = "<group>"; };
		E6CEFA4F14181CDE00EFEBF0 /* main.m */ = {isa = PBXFileReference; lastKnownFileType = sourcecode.c.objc; path = main.m; sourceTree = "<group>"; };
		E6CEFA5114181CDE00EFEBF0 /* coolbeans-Prefix.pch */ = {isa = PBXFileReference; lastKnownFileType = sourcecode.c.h; path = "coolbeans-Prefix.pch"; sourceTree = "<group>"; };
		E6CEFA5214181CDE00EFEBF0 /* PhoneGap.framework */ = {isa = PBXFileReference; lastKnownFileType = wrapper.framework; name = PhoneGap.framework; path = /Users/Shared/PhoneGap/Frameworks/PhoneGap.framework; sourceTree = "<absolute>"; };
		E6CEFA5714181CDE00EFEBF0 /* en */ = {isa = PBXFileReference; lastKnownFileType = text.plist.strings; name = en; path = Resources/en.lproj/Localizable.strings; sourceTree = "<group>"; };
		E6CEFA5B14181CDE00EFEBF0 /* es */ = {isa = PBXFileReference; lastKnownFileType = text.plist.strings; name = es; path = Resources/es.lproj/Localizable.strings; sourceTree = "<group>"; };
		E6CEFA5E14181CDE00EFEBF0 /* icon.png */ = {isa = PBXFileReference; lastKnownFileType = image.png; name = icon.png; path = Resources/icons/icon.png; sourceTree = "<group>"; };
		E6CEFA6014181CDF00EFEBF0 /* icon@2x.png */ = {isa = PBXFileReference; lastKnownFileType = image.png; name = "icon@2x.png"; path = "Resources/icons/icon@2x.png"; sourceTree = "<group>"; };
		E6CEFA6214181CDF00EFEBF0 /* icon-72.png */ = {isa = PBXFileReference; lastKnownFileType = image.png; name = "icon-72.png"; path = "Resources/icons/icon-72.png"; sourceTree = "<group>"; };
		E6CEFA6514181CDF00EFEBF0 /* Default.png */ = {isa = PBXFileReference; lastKnownFileType = image.png; name = Default.png; path = Resources/splash/Default.png; sourceTree = "<group>"; };
		E6CEFA6714181CDF00EFEBF0 /* Default@2x.png */ = {isa = PBXFileReference; lastKnownFileType = image.png; name = "Default@2x.png"; path = "Resources/splash/Default@2x.png"; sourceTree = "<group>"; };
		E6CEFA6914181CDF00EFEBF0 /* Capture.bundle */ = {isa = PBXFileReference; lastKnownFileType = "wrapper.plug-in"; name = Capture.bundle; path = Resources/Capture.bundle; sourceTree = "<group>"; };
		E6CEFA6B14181CDF00EFEBF0 /* PhoneGap.plist */ = {isa = PBXFileReference; lastKnownFileType = text.plist.xml; path = PhoneGap.plist; sourceTree = "<group>"; };
		E6CEFA6E14181CDF00EFEBF0 /* AppDelegate.h */ = {isa = PBXFileReference; lastKnownFileType = sourcecode.c.h; name = AppDelegate.h; path = Classes/AppDelegate.h; sourceTree = "<group>"; };
		E6CEFA6F14181CDF00EFEBF0 /* AppDelegate.m */ = {isa = PBXFileReference; lastKnownFileType = sourcecode.c.objc; name = AppDelegate.m; path = Classes/AppDelegate.m; sourceTree = "<group>"; };
		E6CEFA7214181CDF00EFEBF0 /* README */ = {isa = PBXFileReference; lastKnownFileType = text; name = README; path = Plugins/README; sourceTree = "<group>"; };
		E6CEFA7814181FA600EFEBF0 /* www */ = {isa = PBXFileReference; lastKnownFileType = folder; path = www; sourceTree = "<group>"; };
		E6CEFA7E14182B5E00EFEBF0 /* Default-Portrait~ipad.png */ = {isa = PBXFileReference; lastKnownFileType = image.png; path = "Default-Portrait~ipad.png"; sourceTree = "<group>"; };
		E6CEFA8014182B8200EFEBF0 /* Default-Landscape~ipad.png */ = {isa = PBXFileReference; lastKnownFileType = image.png; path = "Default-Landscape~ipad.png"; sourceTree = "<group>"; };
		E6CEFA82141840BB00EFEBF0 /* Default.png */ = {isa = PBXFileReference; lastKnownFileType = image.png; path = Default.png; sourceTree = "<group>"; };
		E6CEFA841418410700EFEBF0 /* Default@2x.png */ = {isa = PBXFileReference; lastKnownFileType = image.png; path = "Default@2x.png"; sourceTree = "<group>"; };
		E6CEFA861418437300EFEBF0 /* icon@2x.png */ = {isa = PBXFileReference; lastKnownFileType = image.png; path = "icon@2x.png"; sourceTree = "<group>"; };
		E6CEFA881418438500EFEBF0 /* icon.png */ = {isa = PBXFileReference; lastKnownFileType = image.png; path = icon.png; sourceTree = "<group>"; };
		E6CEFA8A1418439200EFEBF0 /* icon-72.png */ = {isa = PBXFileReference; lastKnownFileType = image.png; path = "icon-72.png"; sourceTree = "<group>"; };
/* End PBXFileReference section */

/* Begin PBXFrameworksBuildPhase section */
		E6CEFA2514181CDE00EFEBF0 /* Frameworks */ = {
			isa = PBXFrameworksBuildPhase;
			buildActionMask = 2147483647;
			files = (
				E6CEFA3014181CDE00EFEBF0 /* Foundation.framework in Frameworks */,
				E6CEFA3214181CDE00EFEBF0 /* UIKit.framework in Frameworks */,
				E6CEFA3414181CDE00EFEBF0 /* CoreGraphics.framework in Frameworks */,
				E6CEFA3614181CDE00EFEBF0 /* AddressBook.framework in Frameworks */,
				E6CEFA3814181CDE00EFEBF0 /* AddressBookUI.framework in Frameworks */,
				E6CEFA3A14181CDE00EFEBF0 /* AudioToolbox.framework in Frameworks */,
				E6CEFA3C14181CDE00EFEBF0 /* AVFoundation.framework in Frameworks */,
				E6CEFA3E14181CDE00EFEBF0 /* CoreLocation.framework in Frameworks */,
				E6CEFA4014181CDE00EFEBF0 /* MediaPlayer.framework in Frameworks */,
				E6CEFA4214181CDE00EFEBF0 /* QuartzCore.framework in Frameworks */,
				E6CEFA4414181CDE00EFEBF0 /* SystemConfiguration.framework in Frameworks */,
				E6CEFA4614181CDE00EFEBF0 /* MobileCoreServices.framework in Frameworks */,
				E6CEFA4814181CDE00EFEBF0 /* CoreMedia.framework in Frameworks */,
				E6CEFA5314181CDE00EFEBF0 /* PhoneGap.framework in Frameworks */,
			);
			runOnlyForDeploymentPostprocessing = 0;
		};
		E6CEFA2814181CDE00EFEBF0 /* Frameworks */ = {
			isa = PBXFrameworksBuildPhase;
			buildActionMask = 2147483647;
			files = (
			);
			runOnlyForDeploymentPostprocessing = 0;
		};
/* End PBXFrameworksBuildPhase section */

/* Begin PBXGroup section */
		E6CEFA1D14181CDE00EFEBF0 = {
			isa = PBXGroup;
			children = (
				E6CEFA8A1418439200EFEBF0 /* icon-72.png */,
				E6CEFA881418438500EFEBF0 /* icon.png */,
				E6CEFA861418437300EFEBF0 /* icon@2x.png */,
				E6CEFA841418410700EFEBF0 /* Default@2x.png */,
				E6CEFA82141840BB00EFEBF0 /* Default.png */,
				E6CEFA8014182B8200EFEBF0 /* Default-Landscape~ipad.png */,
				E6CEFA7E14182B5E00EFEBF0 /* Default-Portrait~ipad.png */,
				E6CEFA7814181FA600EFEBF0 /* www */,
				E6CEFA4914181CDE00EFEBF0 /* coolbeans */,
				E6CEFA2E14181CDE00EFEBF0 /* Frameworks */,
				E6CEFA2C14181CDE00EFEBF0 /* Products */,
			);
			sourceTree = "<group>";
		};
		E6CEFA2C14181CDE00EFEBF0 /* Products */ = {
			isa = PBXGroup;
			children = (
				E6CEFA2B14181CDE00EFEBF0 /* coolbeans.app */,
			);
			name = Products;
			sourceTree = "<group>";
		};
		E6CEFA2E14181CDE00EFEBF0 /* Frameworks */ = {
			isa = PBXGroup;
			children = (
				E6CEFA2F14181CDE00EFEBF0 /* Foundation.framework */,
				E6CEFA3114181CDE00EFEBF0 /* UIKit.framework */,
				E6CEFA3314181CDE00EFEBF0 /* CoreGraphics.framework */,
				E6CEFA3514181CDE00EFEBF0 /* AddressBook.framework */,
				E6CEFA3714181CDE00EFEBF0 /* AddressBookUI.framework */,
				E6CEFA3914181CDE00EFEBF0 /* AudioToolbox.framework */,
				E6CEFA3B14181CDE00EFEBF0 /* AVFoundation.framework */,
				E6CEFA3D14181CDE00EFEBF0 /* CoreLocation.framework */,
				E6CEFA3F14181CDE00EFEBF0 /* MediaPlayer.framework */,
				E6CEFA4114181CDE00EFEBF0 /* QuartzCore.framework */,
				E6CEFA4314181CDE00EFEBF0 /* SystemConfiguration.framework */,
				E6CEFA4514181CDE00EFEBF0 /* MobileCoreServices.framework */,
				E6CEFA4714181CDE00EFEBF0 /* CoreMedia.framework */,
			);
			name = Frameworks;
			sourceTree = "<group>";
		};
		E6CEFA4914181CDE00EFEBF0 /* coolbeans */ = {
			isa = PBXGroup;
			children = (
				E6CEFA5214181CDE00EFEBF0 /* PhoneGap.framework */,
				E6CEFA5414181CDE00EFEBF0 /* Resources */,
				E6CEFA6D14181CDF00EFEBF0 /* Classes */,
				E6CEFA7114181CDF00EFEBF0 /* Plugins */,
				E6CEFA4A14181CDE00EFEBF0 /* Supporting Files */,
			);
			path = coolbeans;
			sourceTree = "<group>";
		};
		E6CEFA4A14181CDE00EFEBF0 /* Supporting Files */ = {
			isa = PBXGroup;
			children = (
				E6CEFA4B14181CDE00EFEBF0 /* coolbeans-Info.plist */,
				E6CEFA4C14181CDE00EFEBF0 /* InfoPlist.strings */,
				E6CEFA4F14181CDE00EFEBF0 /* main.m */,
				E6CEFA5114181CDE00EFEBF0 /* coolbeans-Prefix.pch */,
				E6CEFA6B14181CDF00EFEBF0 /* PhoneGap.plist */,
			);
			name = "Supporting Files";
			sourceTree = "<group>";
		};
		E6CEFA5414181CDE00EFEBF0 /* Resources */ = {
			isa = PBXGroup;
			children = (
				E6CEFA6914181CDF00EFEBF0 /* Capture.bundle */,
				E6CEFA5514181CDE00EFEBF0 /* en.lproj */,
				E6CEFA5914181CDE00EFEBF0 /* es.lproj */,
				E6CEFA5D14181CDE00EFEBF0 /* icons */,
				E6CEFA6414181CDF00EFEBF0 /* splash */,
			);
			name = Resources;
			sourceTree = "<group>";
		};
		E6CEFA5514181CDE00EFEBF0 /* en.lproj */ = {
			isa = PBXGroup;
			children = (
				E6CEFA5614181CDE00EFEBF0 /* Localizable.strings */,
			);
			name = en.lproj;
			sourceTree = "<group>";
		};
		E6CEFA5914181CDE00EFEBF0 /* es.lproj */ = {
			isa = PBXGroup;
			children = (
				E6CEFA5A14181CDE00EFEBF0 /* Localizable.strings */,
			);
			name = es.lproj;
			sourceTree = "<group>";
		};
		E6CEFA5D14181CDE00EFEBF0 /* icons */ = {
			isa = PBXGroup;
			children = (
				E6CEFA5E14181CDE00EFEBF0 /* icon.png */,
				E6CEFA6014181CDF00EFEBF0 /* icon@2x.png */,
				E6CEFA6214181CDF00EFEBF0 /* icon-72.png */,
			);
			name = icons;
			sourceTree = "<group>";
		};
		E6CEFA6414181CDF00EFEBF0 /* splash */ = {
			isa = PBXGroup;
			children = (
				E6CEFA6514181CDF00EFEBF0 /* Default.png */,
				E6CEFA6714181CDF00EFEBF0 /* Default@2x.png */,
			);
			name = splash;
			sourceTree = "<group>";
		};
		E6CEFA6D14181CDF00EFEBF0 /* Classes */ = {
			isa = PBXGroup;
			children = (
				E6CEFA6E14181CDF00EFEBF0 /* AppDelegate.h */,
				E6CEFA6F14181CDF00EFEBF0 /* AppDelegate.m */,
			);
			name = Classes;
			sourceTree = "<group>";
		};
		E6CEFA7114181CDF00EFEBF0 /* Plugins */ = {
			isa = PBXGroup;
			children = (
				E6CEFA7214181CDF00EFEBF0 /* README */,
			);
			name = Plugins;
			sourceTree = "<group>";
		};
/* End PBXGroup section */

/* Begin PBXNativeTarget section */
		E6CEFA2A14181CDE00EFEBF0 /* coolbeans */ = {
			isa = PBXNativeTarget;
			buildConfigurationList = E6CEFA7514181CDF00EFEBF0 /* Build configuration list for PBXNativeTarget "coolbeans" */;
			buildPhases = (
				E6CEFA2414181CDE00EFEBF0 /* Sources */,
				E6CEFA2514181CDE00EFEBF0 /* Frameworks */,
				E6CEFA2614181CDE00EFEBF0 /* Resources */,
				E6CEFA2714181CDE00EFEBF0 /* Sources */,
				E6CEFA2814181CDE00EFEBF0 /* Frameworks */,
				E6CEFA2914181CDE00EFEBF0 /* ShellScript */,
			);
			buildRules = (
			);
			dependencies = (
			);
			name = coolbeans;
			productName = coolbeans;
			productReference = E6CEFA2B14181CDE00EFEBF0 /* coolbeans.app */;
			productType = "com.apple.product-type.application";
		};
/* End PBXNativeTarget section */

/* Begin PBXProject section */
		E6CEFA1F14181CDE00EFEBF0 /* Project object */ = {
			isa = PBXProject;
			buildConfigurationList = E6CEFA2214181CDE00EFEBF0 /* Build configuration list for PBXProject "coolbeans" */;
			compatibilityVersion = "Xcode 3.2";
			developmentRegion = English;
			hasScannedForEncodings = 0;
			knownRegions = (
				en,
				es,
			);
			mainGroup = E6CEFA1D14181CDE00EFEBF0;
			productRefGroup = E6CEFA2C14181CDE00EFEBF0 /* Products */;
			projectDirPath = "";
			projectRoot = "";
			targets = (
				E6CEFA2A14181CDE00EFEBF0 /* coolbeans */,
			);
		};
/* End PBXProject section */

/* Begin PBXResourcesBuildPhase section */
		E6CEFA2614181CDE00EFEBF0 /* Resources */ = {
			isa = PBXResourcesBuildPhase;
			buildActionMask = 2147483647;
			files = (
				E6CEFA4E14181CDE00EFEBF0 /* InfoPlist.strings in Resources */,
				E6CEFA5814181CDE00EFEBF0 /* Localizable.strings in Resources */,
				E6CEFA5C14181CDE00EFEBF0 /* Localizable.strings in Resources */,
				E6CEFA5F14181CDF00EFEBF0 /* icon.png in Resources */,
				E6CEFA6114181CDF00EFEBF0 /* icon@2x.png in Resources */,
				E6CEFA6314181CDF00EFEBF0 /* icon-72.png in Resources */,
				E6CEFA6614181CDF00EFEBF0 /* Default.png in Resources */,
				E6CEFA6814181CDF00EFEBF0 /* Default@2x.png in Resources */,
				E6CEFA6A14181CDF00EFEBF0 /* Capture.bundle in Resources */,
				E6CEFA6C14181CDF00EFEBF0 /* PhoneGap.plist in Resources */,
				E6CEFA7914181FA600EFEBF0 /* www in Resources */,
				E6CEFA7F14182B5E00EFEBF0 /* Default-Portrait~ipad.png in Resources */,
				E6CEFA8114182B8200EFEBF0 /* Default-Landscape~ipad.png in Resources */,
				E6CEFA83141840BB00EFEBF0 /* Default.png in Resources */,
				E6CEFA851418410700EFEBF0 /* Default@2x.png in Resources */,
				E6CEFA871418437300EFEBF0 /* icon@2x.png in Resources */,
				E6CEFA891418438500EFEBF0 /* icon.png in Resources */,
				E6CEFA8B1418439200EFEBF0 /* icon-72.png in Resources */,
			);
			runOnlyForDeploymentPostprocessing = 0;
		};
/* End PBXResourcesBuildPhase section */

/* Begin PBXShellScriptBuildPhase section */
		E6CEFA2914181CDE00EFEBF0 /* ShellScript */ = {
			isa = PBXShellScriptBuildPhase;
			buildActionMask = 2147483647;
			files = (
			);
			inputPaths = (
			);
			outputPaths = (
			);
			runOnlyForDeploymentPostprocessing = 0;
			shellPath = /bin/bash;
			shellScript = "\n\t\t\t\t\t\t\t\tif [ ! -d \"$PROJECT_DIR/www\" ] ; then\n\t\t\t\t\t\t\t\t\tcp -R /Users/Shared/PhoneGap/Frameworks/PhoneGap.framework/www \"$PROJECT_DIR\"\n\t\t\t\t\t\t\t\tfi\n\t\t\t\t\t\t\t\t# detect www folder reference in project, if missing, print warning\n\t\t\t\t\t\t\t\tgrep \"{isa = PBXFileReference; lastKnownFileType = folder; path = www; sourceTree = \\\"<group>\\\"; };\" \"$PROJECT_DIR/$PROJECT_NAME.xcodeproj/project.pbxproj\"\n\t\t\t\t\t\t\t\trc=$? \n\t\t\t\t\t\t\t\tif [ $rc != 0 ] ; then\n\t\t\t\t\t\t\t\techo -e \"warning: Missing - Add $PROJECT_DIR/www as a folder reference in your project. Just drag and drop the folder into your project, in Xcode 4.\" 1>&2\n\t\t\t\t\t\t\t\tfi\t\t\t\t\t\t\t";
		};
/* End PBXShellScriptBuildPhase section */

/* Begin PBXSourcesBuildPhase section */
		E6CEFA2414181CDE00EFEBF0 /* Sources */ = {
			isa = PBXSourcesBuildPhase;
			buildActionMask = 2147483647;
			files = (
				E6CEFA5014181CDE00EFEBF0 /* main.m in Sources */,
				E6CEFA7014181CDF00EFEBF0 /* AppDelegate.m in Sources */,
			);
			runOnlyForDeploymentPostprocessing = 0;
		};
		E6CEFA2714181CDE00EFEBF0 /* Sources */ = {
			isa = PBXSourcesBuildPhase;
			buildActionMask = 2147483647;
			files = (
			);
			runOnlyForDeploymentPostprocessing = 0;
		};
/* End PBXSourcesBuildPhase section */

/* Begin PBXVariantGroup section */
		E6CEFA4C14181CDE00EFEBF0 /* InfoPlist.strings */ = {
			isa = PBXVariantGroup;
			children = (
				E6CEFA4D14181CDE00EFEBF0 /* en */,
			);
			name = InfoPlist.strings;
			sourceTree = "<group>";
		};
		E6CEFA5614181CDE00EFEBF0 /* Localizable.strings */ = {
			isa = PBXVariantGroup;
			children = (
				E6CEFA5714181CDE00EFEBF0 /* en */,
			);
			name = Localizable.strings;
			sourceTree = "<group>";
		};
		E6CEFA5A14181CDE00EFEBF0 /* Localizable.strings */ = {
			isa = PBXVariantGroup;
			children = (
				E6CEFA5B14181CDE00EFEBF0 /* es */,
			);
			name = Localizable.strings;
			sourceTree = "<group>";
		};
/* End PBXVariantGroup section */

/* Begin XCBuildConfiguration section */
		E6CEFA7314181CDF00EFEBF0 /* Debug */ = {
			isa = XCBuildConfiguration;
			buildSettings = {
				ALWAYS_SEARCH_USER_PATHS = NO;
				ARCHS = "$(ARCHS_STANDARD_32_BIT)";
				"CODE_SIGN_IDENTITY[sdk=iphoneos*]" = "iPhone Developer";
				COPY_PHASE_STRIP = NO;
				GCC_C_LANGUAGE_STANDARD = gnu99;
				GCC_DYNAMIC_NO_PIC = NO;
				GCC_OPTIMIZATION_LEVEL = 0;
				GCC_PREPROCESSOR_DEFINITIONS = (
					"DEBUG=1",
					"$(inherited)",
				);
				GCC_SYMBOLS_PRIVATE_EXTERN = NO;
				GCC_VERSION = com.apple.compilers.llvmgcc42;
				GCC_WARN_ABOUT_MISSING_PROTOTYPES = YES;
				GCC_WARN_ABOUT_RETURN_TYPE = YES;
				GCC_WARN_UNUSED_VARIABLE = YES;
				IPHONEOS_DEPLOYMENT_TARGET = 3.1;
				SDKROOT = iphoneos;
			};
			name = Debug;
		};
		E6CEFA7414181CDF00EFEBF0 /* Release */ = {
			isa = XCBuildConfiguration;
			buildSettings = {
				ALWAYS_SEARCH_USER_PATHS = NO;
				ARCHS = "$(ARCHS_STANDARD_32_BIT)";
				"CODE_SIGN_IDENTITY[sdk=iphoneos*]" = "iPhone Developer";
				COPY_PHASE_STRIP = YES;
				GCC_C_LANGUAGE_STANDARD = gnu99;
				GCC_VERSION = com.apple.compilers.llvmgcc42;
				GCC_WARN_ABOUT_MISSING_PROTOTYPES = YES;
				GCC_WARN_ABOUT_RETURN_TYPE = YES;
				GCC_WARN_UNUSED_VARIABLE = YES;
				IPHONEOS_DEPLOYMENT_TARGET = 3.1;
				SDKROOT = iphoneos;
				VALIDATE_PRODUCT = YES;
			};
			name = Release;
		};
		E6CEFA7614181CDF00EFEBF0 /* Debug */ = {
			isa = XCBuildConfiguration;
			buildSettings = {
				ALWAYS_SEARCH_USER_PATHS = YES;
				COPY_PHASE_STRIP = NO;
				FRAMEWORK_SEARCH_PATHS = /Users/Shared/PhoneGap/Frameworks;
				GCC_DYNAMIC_NO_PIC = NO;
				GCC_PRECOMPILE_PREFIX_HEADER = YES;
				GCC_PREFIX_HEADER = "coolbeans/coolbeans-Prefix.pch";
				GCC_PREPROCESSOR_DEFINITIONS = "PHONEGAP_FRAMEWORK=YES";
				INFOPLIST_FILE = "coolbeans/coolbeans-Info.plist";
				IPHONEOS_DEPLOYMENT_TARGET = 4.3;
				PRODUCT_NAME = "$(TARGET_NAME)";
				TARGETED_DEVICE_FAMILY = "1,2";
				WRAPPER_EXTENSION = app;
			};
			name = Debug;
		};
		E6CEFA7714181CDF00EFEBF0 /* Release */ = {
			isa = XCBuildConfiguration;
			buildSettings = {
				ALWAYS_SEARCH_USER_PATHS = YES;
				COPY_PHASE_STRIP = YES;
				DEBUG_INFORMATION_FORMAT = "dwarf-with-dsym";
				FRAMEWORK_SEARCH_PATHS = /Users/Shared/PhoneGap/Frameworks;
				GCC_PRECOMPILE_PREFIX_HEADER = YES;
				GCC_PREFIX_HEADER = "coolbeans/coolbeans-Prefix.pch";
				GCC_PREPROCESSOR_DEFINITIONS = "PHONEGAP_FRAMEWORK=YES";
				INFOPLIST_FILE = "coolbeans/coolbeans-Info.plist";
				IPHONEOS_DEPLOYMENT_TARGET = 4.3;
				PRODUCT_NAME = "$(TARGET_NAME)";
				TARGETED_DEVICE_FAMILY = "1,2";
				VALIDATE_PRODUCT = YES;
				WRAPPER_EXTENSION = app;
			};
			name = Release;
		};
/* End XCBuildConfiguration section */

/* Begin XCConfigurationList section */
		E6CEFA2214181CDE00EFEBF0 /* Build configuration list for PBXProject "coolbeans" */ = {
			isa = XCConfigurationList;
			buildConfigurations = (
				E6CEFA7314181CDF00EFEBF0 /* Debug */,
				E6CEFA7414181CDF00EFEBF0 /* Release */,
			);
			defaultConfigurationIsVisible = 0;
			defaultConfigurationName = Release;
		};
		E6CEFA7514181CDF00EFEBF0 /* Build configuration list for PBXNativeTarget "coolbeans" */ = {
			isa = XCConfigurationList;
			buildConfigurations = (
				E6CEFA7614181CDF00EFEBF0 /* Debug */,
				E6CEFA7714181CDF00EFEBF0 /* Release */,
			);
			defaultConfigurationIsVisible = 0;
		};
/* End XCConfigurationList section */
	};
	rootObject = E6CEFA1F14181CDE00EFEBF0 /* Project object */;
}
